
Microsoft Visual Studio Solution File, Format Version 12.00
# Visual Studio Version 16
VisualStudioVersion = 16.0.30225.117
MinimumVisualStudioVersion = 10.0.40219.1
Project("{9A19103F-16F7-4668-BE54-9A1E7A4F7556}") = "RazorPagesMovie", "RazorPagesMovie.csproj", "{CA63379C-70C7-473E-863E-1C14A91BD94E}"
EndProject
Global
	GlobalSection(SolutionConfigurationPlatforms) = preSolution
		Debug|Any CPU = Debug|Any CPU
		Release|Any CPU = Release|Any CPU
	EndGlobalSection
	GlobalSection(ProjectConfigurationPlatforms) = postSolution
		{CA63379C-70C7-473E-863E-1C14A91BD94E}.Debug|Any CPU.ActiveCfg = Debug|Any CPU
		{CA63379C-70C7-473E-863E-1C14A91BD94E}.Debug|Any CPU.Build.0 = Debug|Any CPU
		{CA63379C-70C7-473E-863E-1C14A91BD94E}.Release|Any CPU.ActiveCfg = Release|Any CPU
		{CA63379C-70C7-473E-863E-1C14A91BD94E}.Release|Any CPU.Build.0 = Release|Any CPU
	EndGlobalSection
	GlobalSection(SolutionProperties) = preSolution
		HideSolutionNode = FALSE
	EndGlobalSection
	GlobalSection(ExtensibilityGlobals) = postSolution
		SolutionGuid = {99C3EE82-715C-4C15-9C37-E35B925B3184}
	EndGlobalSection
EndGlobal
